
Microsoft Visual Studio Solution File, Format Version 12.00
# Visual Studio Version 17
VisualStudioVersion = 17.2.32616.157
MinimumVisualStudioVersion = 10.0.40219.1
Project("{FAE04EC0-301F-11D3-BF4B-00C04F79EFBC}") = "3_1_17", "3_1_17.csproj", "{76A44A57-DAB0-40F4-8CBC-838F46149471}"
EndProject
Global
	GlobalSection(SolutionConfigurationPlatforms) = preSolution
		Debug|Any CPU = Debug|Any CPU
		Release|Any CPU = Release|Any CPU
	EndGlobalSection
	GlobalSection(ProjectConfigurationPlatforms) = postSolution
		{76A44A57-DAB0-40F4-8CBC-838F46149471}.Debug|Any CPU.ActiveCfg = Debug|Any CPU
		{76A44A57-DAB0-40F4-8CBC-838F46149471}.Debug|Any CPU.Build.0 = Debug|Any CPU
		{76A44A57-DAB0-40F4-8CBC-838F46149471}.Release|Any CPU.ActiveCfg = Release|Any CPU
		{76A44A57-DAB0-40F4-8CBC-838F46149471}.Release|Any CPU.Build.0 = Release|Any CPU
	EndGlobalSection
	GlobalSection(SolutionProperties) = preSolution
		HideSolutionNode = FALSE
	EndGlobalSection
	GlobalSection(ExtensibilityGlobals) = postSolution
		SolutionGuid = {D0CA7FEB-4BD0-4E14-AA38-6E8CE05227F8}
	EndGlobalSection
EndGlobal
